<?xml version="1.0" encoding="utf-8"?>
<Project ToolsVersion="4.0" xmlns="http://schemas.microsoft.com/developer/msbuild/2003">
  <ItemGroup>
    <Filter Include="Source Files">
      <UniqueIdentifier>{4FC737F1-C7A5-4376-A066-2A32D752A2FF}</UniqueIdentifier>
      <Extensions>cpp;c;cc;cxx;def;odl;idl;hpj;bat;asm;asmx</Extensions>
    </Filter>
    <Filter Include="Header Files">
      <UniqueIdentifier>{93995380-89BD-4b04-88EB-625FBE52EBFB}</UniqueIdentifier>
      <Extensions>h;hh;hpp;hxx;hm;inl;inc;xsd</Extensions>
    </Filter>
    <Filter Include="Resource Files">
      <UniqueIdentifier>{67DA6AB6-F800-4c08-8B7A-83BB121AAD01}</UniqueIdentifier>
      <Extensions>rc;ico;cur;bmp;dlg;rc2;rct;bin;rgs;gif;jpg;jpeg;jpe;resx;tiff;tif;png;wav;mfcribbon-ms</Extensions>
    </Filter>
    <Filter Include="Shaders">
      <UniqueIdentifier>{c0cfab07-0a4a-41d6-9362-c2b5058e6d06}</UniqueIdentifier>
    </Filter>
    <Filter Include="Include">
      <UniqueIdentifier>{67a423ce-4e78-48dc-8b2c-a08dc37d4782}</UniqueIdentifier>
    </Filter>
    <Filter Include="Demo">
      <UniqueIdentifier>{3c6fccbc-2734-40bc-bdbc-a6d8eec1535f}</UniqueIdentifier>
    </Filter>
    <Filter Include="Engine">
      <UniqueIdentifier>{483406f5-8d71-4b70-9536-f7313d08aeb7}</UniqueIdentifier>
    </Filter>
  </ItemGroup>
  <ItemGroup>
    <ClCompile Include="glad.c">
      <Filter>Include</Filter>
    </ClCompile>
    <ClCompile Include="Window.cpp">
      <Filter>Engine</Filter>
    </ClCompile>
    <ClCompile Include="Texture.cpp">
      <Filter>Engine</Filter>
    </ClCompile>
    <ClCompile Include="Shader.cpp">
      <Filter>Engine</Filter>
    </ClCompile>
    <ClCompile Include="ResourceManager.cpp">
      <Filter>Engine</Filter>
    </ClCompile>
    <ClCompile Include="InputManager.cpp">
      <Filter>Engine</Filter>
    </ClCompile>
    <ClCompile Include="EventManager.cpp">
      <Filter>Engine</Filter>
    </ClCompile>
    <ClCompile Include="GL.cpp">
      <Filter>Engine</Filter>
    </ClCompile>
    <ClCompile Include="OrbitCamera.cpp">
      <Filter>Demo</Filter>
    </ClCompile>
    <ClCompile Include="Demo.cpp">
      <Filter>Demo</Filter>
    </ClCompile>
    <ClCompile Include="FreeCamera.cpp">
      <Filter>Demo</Filter>
    </ClCompile>
    <ClCompile Include="main.cpp">
      <Filter>Demo</Filter>
    </ClCompile>
    <ClCompile Include="Transformable.cpp">
      <Filter>Demo</Filter>
    </ClCompile>
    <ClCompile Include="RoadSegment.cpp">
      <Filter>Demo</Filter>
    </ClCompile>
    <ClCompile Include="Road.cpp">
      <Filter>Demo</Filter>
    </ClCompile>
    <ClCompile Include="Renderer.cpp">
      <Filter>Demo</Filter>
    </ClCompile>
    <ClCompile Include="HeightMap.cpp">
      <Filter>Demo</Filter>
    </ClCompile>
    <ClCompile Include="RoadGenerator.cpp">
      <Filter>Demo</Filter>
    </ClCompile>
    <ClCompile Include="Mesh.cpp">
      <Filter>Demo</Filter>
    </ClCompile>
    <ClCompile Include="include\imgui\imgui.cpp">
      <Filter>Include</Filter>
    </ClCompile>
    <ClCompile Include="include\imgui\imgui_demo.cpp">
      <Filter>Include</Filter>
    </ClCompile>
    <ClCompile Include="include\imgui\imgui_draw.cpp">
      <Filter>Include</Filter>
    </ClCompile>
    <ClCompile Include="include\imgui\imgui_impl_glfw.cpp">
      <Filter>Include</Filter>
    </ClCompile>
    <ClCompile Include="include\imgui\imgui_impl_opengl3.cpp">
      <Filter>Include</Filter>
    </ClCompile>
    <ClCompile Include="include\imgui\imgui_widgets.cpp">
      <Filter>Include</Filter>
    </ClCompile>
    <ClCompile Include="Car.cpp">
      <Filter>Demo</Filter>
    </ClCompile>
    <ClCompile Include="TargetCamera.cpp">
      <Filter>Demo</Filter>
    </ClCompile>
    <ClCompile Include="LoopingSpline.cpp">
      <Filter>Demo</Filter>
    </ClCompile>
    <ClCompile Include="LiveRoadGenerator.cpp">
      <Filter>Demo</Filter>
    </ClCompile>
    <ClCompile Include="City.cpp">
      <Filter>Demo</Filter>
    </ClCompile>
  </ItemGroup>
  <ItemGroup>
    <ClInclude Include="stb_image.h">
      <Filter>Include</Filter>
    </ClInclude>
    <ClInclude Include="Context.h">
      <Filter>Engine</Filter>
    </ClInclude>
    <ClInclude Include="EventData.h">
      <Filter>Engine</Filter>
    </ClInclude>
    <ClInclude Include="EventManager.h">
      <Filter>Engine</Filter>
    </ClInclude>
    <ClInclude Include="GL.h">
      <Filter>Engine</Filter>
    </ClInclude>
    <ClInclude Include="InputManager.h">
      <Filter>Engine</Filter>
    </ClInclude>
    <ClInclude Include="Observer.h">
      <Filter>Engine</Filter>
    </ClInclude>
    <ClInclude Include="ResourceIdentifiers.h">
      <Filter>Engine</Filter>
    </ClInclude>
    <ClInclude Include="ResourceManager.h">
      <Filter>Engine</Filter>
    </ClInclude>
    <ClInclude Include="Shader.h">
      <Filter>Engine</Filter>
    </ClInclude>
    <ClInclude Include="Texture.h">
      <Filter>Engine</Filter>
    </ClInclude>
    <ClInclude Include="Window.h">
      <Filter>Engine</Filter>
    </ClInclude>
    <ClInclude Include="OrbitCamera.h">
      <Filter>Demo</Filter>
    </ClInclude>
    <ClInclude Include="Camera.h">
      <Filter>Demo</Filter>
    </ClInclude>
    <ClInclude Include="Demo.h">
      <Filter>Demo</Filter>
    </ClInclude>
    <ClInclude Include="FreeCamera.h">
      <Filter>Demo</Filter>
    </ClInclude>
    <ClInclude Include="MeshUtilities.h">
      <Filter>Demo</Filter>
    </ClInclude>
    <ClInclude Include="Transformable.h">
      <Filter>Demo</Filter>
    </ClInclude>
    <ClInclude Include="RoadSegment.h">
      <Filter>Demo</Filter>
    </ClInclude>
    <ClInclude Include="Road.h">
      <Filter>Demo</Filter>
    </ClInclude>
    <ClInclude Include="Renderer.h">
      <Filter>Demo</Filter>
    </ClInclude>
    <ClInclude Include="BiarcUtility.h">
      <Filter>Demo</Filter>
    </ClInclude>
    <ClInclude Include="Utilities.h">
      <Filter>Demo</Filter>
    </ClInclude>
    <ClInclude Include="HeightMap.h">
      <Filter>Demo</Filter>
    </ClInclude>
    <ClInclude Include="RoadGenerator.h">
      <Filter>Demo</Filter>
    </ClInclude>
    <ClInclude Include="Mesh.h">
      <Filter>Demo</Filter>
    </ClInclude>
    <ClInclude Include="include\imgui\imconfig.h">
      <Filter>Include</Filter>
    </ClInclude>
    <ClInclude Include="include\imgui\imgui.h">
      <Filter>Include</Filter>
    </ClInclude>
    <ClInclude Include="include\imgui\imgui_impl_glfw.h">
      <Filter>Include</Filter>
    </ClInclude>
    <ClInclude Include="include\imgui\imgui_impl_opengl3.h">
      <Filter>Include</Filter>
    </ClInclude>
    <ClInclude Include="include\imgui\imgui_internal.h">
      <Filter>Include</Filter>
    </ClInclude>
    <ClInclude Include="include\imgui\imstb_rectpack.h">
      <Filter>Include</Filter>
    </ClInclude>
    <ClInclude Include="include\imgui\imstb_textedit.h">
      <Filter>Include</Filter>
    </ClInclude>
    <ClInclude Include="include\imgui\imstb_truetype.h">
      <Filter>Include</Filter>
    </ClInclude>
    <ClInclude Include="Car.h">
      <Filter>Demo</Filter>
    </ClInclude>
    <ClInclude Include="TargetCamera.h">
      <Filter>Demo</Filter>
    </ClInclude>
    <ClInclude Include="LoopingSpline.h">
      <Filter>Demo</Filter>
    </ClInclude>
    <ClInclude Include="LiveRoadGenerator.h">
      <Filter>Demo</Filter>
    </ClInclude>
    <ClInclude Include="City.h">
      <Filter>Demo</Filter>
    </ClInclude>
  </ItemGroup>
  <ItemGroup>
    <None Include="shaders\basic_textured.frag">
      <Filter>Shaders</Filter>
    </None>
    <None Include="shaders\basic.vert">
      <Filter>Shaders</Filter>
    </None>
    <None Include="shaders\basic_singleColor.frag">
      <Filter>Shaders</Filter>
    </None>
    <None Include="shaders\post_dither.frag">
      <Filter>Shaders</Filter>
    </None>
    <None Include="shaders\screen.vert">
      <Filter>Shaders</Filter>
    </None>
    <None Include="shaders\gradient_sky.frag">
      <Filter>Shaders</Filter>
    </None>
    <None Include="shaders\city_bg.vert">
      <Filter>Shaders</Filter>
    </None>
    <None Include="shaders\city_building.frag">
      <Filter>Shaders</Filter>
    </None>
    <None Include="shaders\city_building.vert">
      <Filter>Shaders</Filter>
    </None>
  </ItemGroup>
</Project>